
Microsoft Visual Studio Solution File, Format Version 12.00
# Visual Studio 15
VisualStudioVersion = 15.0.28307.852
MinimumVisualStudioVersion = 10.0.40219.1
Project("{FAE04EC0-301F-11D3-BF4B-00C04F79EFBC}") = "HideAllUI.AISyoujyo", "src\HideAllUI.AISyoujyo\HideAllUI.AISyoujyo.csproj", "{BEF5B8F5-E977-4190-B793-0F8B349DD9AE}"
EndProject
Project("{D954291E-2A0B-460D-934E-DC6B0785DB48}") = "HideAllUI.Core", "src\HideAllUI.Core\HideAllUI.Core.shproj", "{FE4AA260-C540-4842-B0DA-9B2F76EFE688}"
EndProject
Project("{FAE04EC0-301F-11D3-BF4B-00C04F79EFBC}") = "HideAllUI.Koikatu", "src\HideAllUI.Koikatu\HideAllUI.Koikatu.csproj", "{7B61E051-BA51-4285-B320-A88E2573F50D}"
EndProject
Global
	GlobalSection(SharedMSBuildProjectFiles) = preSolution
		src\HideAllUI.Core\HideAllUI.Core.projitems*{7b61e051-ba51-4285-b320-a88e2573f50d}*SharedItemsImports = 4
		src\HideAllUI.Core\HideAllUI.Core.projitems*{bef5b8f5-e977-4190-b793-0f8b349dd9ae}*SharedItemsImports = 4
		src\HideAllUI.Core\HideAllUI.Core.projitems*{fe4aa260-c540-4842-b0da-9b2f76efe688}*SharedItemsImports = 13
	EndGlobalSection
	GlobalSection(SolutionConfigurationPlatforms) = preSolution
		Debug|Any CPU = Debug|Any CPU
		Release|Any CPU = Release|Any CPU
	EndGlobalSection
	GlobalSection(ProjectConfigurationPlatforms) = postSolution
		{BEF5B8F5-E977-4190-B793-0F8B349DD9AE}.Debug|Any CPU.ActiveCfg = Debug|Any CPU
		{BEF5B8F5-E977-4190-B793-0F8B349DD9AE}.Debug|Any CPU.Build.0 = Debug|Any CPU
		{BEF5B8F5-E977-4190-B793-0F8B349DD9AE}.Release|Any CPU.ActiveCfg = Release|Any CPU
		{BEF5B8F5-E977-4190-B793-0F8B349DD9AE}.Release|Any CPU.Build.0 = Release|Any CPU
		{7B61E051-BA51-4285-B320-A88E2573F50D}.Debug|Any CPU.ActiveCfg = Debug|Any CPU
		{7B61E051-BA51-4285-B320-A88E2573F50D}.Debug|Any CPU.Build.0 = Debug|Any CPU
		{7B61E051-BA51-4285-B320-A88E2573F50D}.Release|Any CPU.ActiveCfg = Release|Any CPU
		{7B61E051-BA51-4285-B320-A88E2573F50D}.Release|Any CPU.Build.0 = Release|Any CPU
	EndGlobalSection
	GlobalSection(SolutionProperties) = preSolution
		HideSolutionNode = FALSE
	EndGlobalSection
	GlobalSection(ExtensibilityGlobals) = postSolution
		SolutionGuid = {93DBCB96-95D6-4731-80A5-5437E32E546A}
	EndGlobalSection
EndGlobal
